
Microsoft Visual Studio Solution File, Format Version 12.00
# Visual Studio 15
VisualStudioVersion = 15.0.27130.2027
MinimumVisualStudioVersion = 10.0.40219.1
Project("{9A19103F-16F7-4668-BE54-9A1E7A4F7556}") = "DesignPatterns.Strategy", "DesignPatterns.Strategy\DesignPatterns.Strategy.csproj", "{4D1EB3D6-8E3C-4FDA-A054-0F82ACB723AE}"
EndProject
Project("{9A19103F-16F7-4668-BE54-9A1E7A4F7556}") = "DesignPatterns.ChainOfResponsability", "DesignPatterns.ChainOfResponsability\DesignPatterns.ChainOfResponsability.csproj", "{9B92BC96-56A4-421B-A326-E90B001BC7F3}"
EndProject
Project("{9A19103F-16F7-4668-BE54-9A1E7A4F7556}") = "DesignPatterns.TemplateMethod", "DesignPatterns.TemplateMethod\DesignPatterns.TemplateMethod.csproj", "{A55B7049-DBA8-418F-9DF4-29E1EAB1D584}"
EndProject
Project("{FAE04EC0-301F-11D3-BF4B-00C04F79EFBC}") = "DesignPatterns.Decorator", "DesignPatterns.Decorator\DesignPatterns.Decorator.csproj", "{3C75C52E-BBAC-4F08-B36E-AE5B0A694A3D}"
EndProject
Project("{FAE04EC0-301F-11D3-BF4B-00C04F79EFBC}") = "DesignPatterns.State", "DesignPatterns.State\DesignPatterns.State.csproj", "{30A42962-F78B-4134-B891-8C777D497DCC}"
EndProject
Project("{FAE04EC0-301F-11D3-BF4B-00C04F79EFBC}") = "DesignPatterns.Builder", "DesignPatterns.Builder\DesignPatterns.Builder.csproj", "{F4E153E9-5B2A-4BA1-819E-D85443E01C05}"
EndProject
Global
	GlobalSection(SolutionConfigurationPlatforms) = preSolution
		Debug|Any CPU = Debug|Any CPU
		Release|Any CPU = Release|Any CPU
	EndGlobalSection
	GlobalSection(ProjectConfigurationPlatforms) = postSolution
		{4D1EB3D6-8E3C-4FDA-A054-0F82ACB723AE}.Debug|Any CPU.ActiveCfg = Debug|Any CPU
		{4D1EB3D6-8E3C-4FDA-A054-0F82ACB723AE}.Debug|Any CPU.Build.0 = Debug|Any CPU
		{4D1EB3D6-8E3C-4FDA-A054-0F82ACB723AE}.Release|Any CPU.ActiveCfg = Release|Any CPU
		{4D1EB3D6-8E3C-4FDA-A054-0F82ACB723AE}.Release|Any CPU.Build.0 = Release|Any CPU
		{9B92BC96-56A4-421B-A326-E90B001BC7F3}.Debug|Any CPU.ActiveCfg = Debug|Any CPU
		{9B92BC96-56A4-421B-A326-E90B001BC7F3}.Debug|Any CPU.Build.0 = Debug|Any CPU
		{9B92BC96-56A4-421B-A326-E90B001BC7F3}.Release|Any CPU.ActiveCfg = Release|Any CPU
		{9B92BC96-56A4-421B-A326-E90B001BC7F3}.Release|Any CPU.Build.0 = Release|Any CPU
		{A55B7049-DBA8-418F-9DF4-29E1EAB1D584}.Debug|Any CPU.ActiveCfg = Debug|Any CPU
		{A55B7049-DBA8-418F-9DF4-29E1EAB1D584}.Debug|Any CPU.Build.0 = Debug|Any CPU
		{A55B7049-DBA8-418F-9DF4-29E1EAB1D584}.Release|Any CPU.ActiveCfg = Release|Any CPU
		{A55B7049-DBA8-418F-9DF4-29E1EAB1D584}.Release|Any CPU.Build.0 = Release|Any CPU
		{3C75C52E-BBAC-4F08-B36E-AE5B0A694A3D}.Debug|Any CPU.ActiveCfg = Debug|Any CPU
		{3C75C52E-BBAC-4F08-B36E-AE5B0A694A3D}.Debug|Any CPU.Build.0 = Debug|Any CPU
		{3C75C52E-BBAC-4F08-B36E-AE5B0A694A3D}.Release|Any CPU.ActiveCfg = Release|Any CPU
		{3C75C52E-BBAC-4F08-B36E-AE5B0A694A3D}.Release|Any CPU.Build.0 = Release|Any CPU
		{30A42962-F78B-4134-B891-8C777D497DCC}.Debug|Any CPU.ActiveCfg = Debug|Any CPU
		{30A42962-F78B-4134-B891-8C777D497DCC}.Debug|Any CPU.Build.0 = Debug|Any CPU
		{30A42962-F78B-4134-B891-8C777D497DCC}.Release|Any CPU.ActiveCfg = Release|Any CPU
		{30A42962-F78B-4134-B891-8C777D497DCC}.Release|Any CPU.Build.0 = Release|Any CPU
		{F4E153E9-5B2A-4BA1-819E-D85443E01C05}.Debug|Any CPU.ActiveCfg = Debug|Any CPU
		{F4E153E9-5B2A-4BA1-819E-D85443E01C05}.Debug|Any CPU.Build.0 = Debug|Any CPU
		{F4E153E9-5B2A-4BA1-819E-D85443E01C05}.Release|Any CPU.ActiveCfg = Release|Any CPU
		{F4E153E9-5B2A-4BA1-819E-D85443E01C05}.Release|Any CPU.Build.0 = Release|Any CPU
	EndGlobalSection
	GlobalSection(SolutionProperties) = preSolution
		HideSolutionNode = FALSE
	EndGlobalSection
	GlobalSection(ExtensibilityGlobals) = postSolution
		SolutionGuid = {2993C29E-B683-4AE3-BB51-A64909691639}
	EndGlobalSection
EndGlobal
